
Microsoft Visual Studio Solution File, Format Version 12.00
# Visual Studio Version 16
VisualStudioVersion = 16.0.29905.134
MinimumVisualStudioVersion = 10.0.40219.1
Project("{FAE04EC0-301F-11D3-BF4B-00C04F79EFBC}") = "Neosinerji.BABOnlineTP.Web", "Neosinerji.BABOnlineTP.Web\Neosinerji.BABOnlineTP.Web.csproj", "{F08E10F9-99D1-4412-998B-E576FD100C6C}"
EndProject
Project("{FAE04EC0-301F-11D3-BF4B-00C04F79EFBC}") = "Neosinerji.BABOnlineTP.Database", "Neosinerji.BABOnlineTP.Database\Neosinerji.BABOnlineTP.Database.csproj", "{C15B7C22-5639-4E40-B6EB-7A7913CFE77D}"
EndProject
Project("{FAE04EC0-301F-11D3-BF4B-00C04F79EFBC}") = "Neosinerji.BABOnlineTP.Business", "Neosinerji.BABOnlineTP.Business\Neosinerji.BABOnlineTP.Business.csproj", "{BC5A2ABF-2751-4943-A0F3-AB32AAEC777B}"
EndProject
Project("{2150E333-8FDC-42A3-9474-1A3956D46DE8}") = "Solution Items", "Solution Items", "{D13E8089-58AC-41A7-A107-5491DCCAD647}"
	ProjectSection(SolutionItems) = preProject
		.editorconfig = .editorconfig
	EndProjectSection
EndProject
Project("{9A19103F-16F7-4668-BE54-9A1E7A4F7556}") = "RayLibrary", "RayLibrary\RayLibrary.csproj", "{B53E3F23-644B-42AD-8746-05C567E4189E}"
EndProject
Global
	GlobalSection(SolutionConfigurationPlatforms) = preSolution
		Debug|Any CPU = Debug|Any CPU
		Release|Any CPU = Release|Any CPU
		Test|Any CPU = Test|Any CPU
	EndGlobalSection
	GlobalSection(ProjectConfigurationPlatforms) = postSolution
		{F08E10F9-99D1-4412-998B-E576FD100C6C}.Debug|Any CPU.ActiveCfg = Debug|Any CPU
		{F08E10F9-99D1-4412-998B-E576FD100C6C}.Debug|Any CPU.Build.0 = Debug|Any CPU
		{F08E10F9-99D1-4412-998B-E576FD100C6C}.Release|Any CPU.ActiveCfg = Release|Any CPU
		{F08E10F9-99D1-4412-998B-E576FD100C6C}.Release|Any CPU.Build.0 = Release|Any CPU
		{F08E10F9-99D1-4412-998B-E576FD100C6C}.Test|Any CPU.ActiveCfg = Test|Any CPU
		{F08E10F9-99D1-4412-998B-E576FD100C6C}.Test|Any CPU.Build.0 = Test|Any CPU
		{C15B7C22-5639-4E40-B6EB-7A7913CFE77D}.Debug|Any CPU.ActiveCfg = Debug|Any CPU
		{C15B7C22-5639-4E40-B6EB-7A7913CFE77D}.Debug|Any CPU.Build.0 = Debug|Any CPU
		{C15B7C22-5639-4E40-B6EB-7A7913CFE77D}.Release|Any CPU.ActiveCfg = Release|Any CPU
		{C15B7C22-5639-4E40-B6EB-7A7913CFE77D}.Release|Any CPU.Build.0 = Release|Any CPU
		{C15B7C22-5639-4E40-B6EB-7A7913CFE77D}.Test|Any CPU.ActiveCfg = Test|Any CPU
		{C15B7C22-5639-4E40-B6EB-7A7913CFE77D}.Test|Any CPU.Build.0 = Test|Any CPU
		{BC5A2ABF-2751-4943-A0F3-AB32AAEC777B}.Debug|Any CPU.ActiveCfg = Debug|Any CPU
		{BC5A2ABF-2751-4943-A0F3-AB32AAEC777B}.Debug|Any CPU.Build.0 = Debug|Any CPU
		{BC5A2ABF-2751-4943-A0F3-AB32AAEC777B}.Release|Any CPU.ActiveCfg = Release|Any CPU
		{BC5A2ABF-2751-4943-A0F3-AB32AAEC777B}.Release|Any CPU.Build.0 = Release|Any CPU
		{BC5A2ABF-2751-4943-A0F3-AB32AAEC777B}.Test|Any CPU.ActiveCfg = Test|Any CPU
		{BC5A2ABF-2751-4943-A0F3-AB32AAEC777B}.Test|Any CPU.Build.0 = Test|Any CPU
		{B53E3F23-644B-42AD-8746-05C567E4189E}.Debug|Any CPU.ActiveCfg = Debug|Any CPU
		{B53E3F23-644B-42AD-8746-05C567E4189E}.Debug|Any CPU.Build.0 = Debug|Any CPU
		{B53E3F23-644B-42AD-8746-05C567E4189E}.Release|Any CPU.ActiveCfg = Release|Any CPU
		{B53E3F23-644B-42AD-8746-05C567E4189E}.Release|Any CPU.Build.0 = Release|Any CPU
		{B53E3F23-644B-42AD-8746-05C567E4189E}.Test|Any CPU.ActiveCfg = Debug|Any CPU
		{B53E3F23-644B-42AD-8746-05C567E4189E}.Test|Any CPU.Build.0 = Debug|Any CPU
	EndGlobalSection
	GlobalSection(SolutionProperties) = preSolution
		HideSolutionNode = FALSE
	EndGlobalSection
	GlobalSection(ExtensibilityGlobals) = postSolution
		EnterpriseLibraryConfigurationToolBinariesPath = packages\Unity.2.1.505.2\lib\NET35
		SolutionGuid = {ADB1EDAE-452C-4E2E-86C0-ACC4577A7749}
	EndGlobalSection
EndGlobal
